# This file is automatically @generated by Cargo.
# It is not intended for manual editing.
version = 4

[[package]]
name = "stikk"
version = "0.1.0"
dependencies = [
 "stikk-core",
 "stikk-model",
 "stikk-prikk",
 "stikk-state",
]

[[package]]
name = "stikk-core"
version = "0.1.0"
dependencies = [
 "stikk-model",
 "stikk-prikk",
 "stikk-state",
]

[[package]]
name = "stikk-model"
version = "0.1.0"

[[package]]
name = "stikk-prikk"
version = "0.1.0"
dependencies = [
 "stikk-model",
]

[[package]]
name = "stikk-state"
version = "0.1.0"
dependencies = [
 "stikk-model",
]
